
Microsoft Visual Studio Solution File, Format Version 12.00
# Visual Studio Version 17
VisualStudioVersion = 17.2.32526.322
MinimumVisualStudioVersion = 10.0.40219.1
Project("{FAE04EC0-301F-11D3-BF4B-00C04F79EFBC}") = "SimpleKafka", "SimpleKafka\SimpleKafka.csproj", "{979E6C61-8E19-4CEC-922F-9E39BF0EC943}"
EndProject
Project("{E53339B2-1760-4266-BCC7-CA923CBCF16C}") = "docker-compose", "docker-compose.dcproj", "{DD88F63F-B405-49B5-82B4-430A497730FB}"
EndProject
Global
	GlobalSection(SolutionConfigurationPlatforms) = preSolution
		Debug|Any CPU = Debug|Any CPU
		Release|Any CPU = Release|Any CPU
	EndGlobalSection
	GlobalSection(ProjectConfigurationPlatforms) = postSolution
		{979E6C61-8E19-4CEC-922F-9E39BF0EC943}.Debug|Any CPU.ActiveCfg = Debug|Any CPU
		{979E6C61-8E19-4CEC-922F-9E39BF0EC943}.Debug|Any CPU.Build.0 = Debug|Any CPU
		{979E6C61-8E19-4CEC-922F-9E39BF0EC943}.Release|Any CPU.ActiveCfg = Release|Any CPU
		{979E6C61-8E19-4CEC-922F-9E39BF0EC943}.Release|Any CPU.Build.0 = Release|Any CPU
		{DD88F63F-B405-49B5-82B4-430A497730FB}.Debug|Any CPU.ActiveCfg = Debug|Any CPU
		{DD88F63F-B405-49B5-82B4-430A497730FB}.Debug|Any CPU.Build.0 = Debug|Any CPU
		{DD88F63F-B405-49B5-82B4-430A497730FB}.Release|Any CPU.ActiveCfg = Release|Any CPU
		{DD88F63F-B405-49B5-82B4-430A497730FB}.Release|Any CPU.Build.0 = Release|Any CPU
	EndGlobalSection
	GlobalSection(SolutionProperties) = preSolution
		HideSolutionNode = FALSE
	EndGlobalSection
	GlobalSection(ExtensibilityGlobals) = postSolution
		SolutionGuid = {8C6ED082-8417-4B47-ADF1-9B60A2BFECE6}
	EndGlobalSection
EndGlobal
